github.com/golang/protobuf v1.2.0 h1:P3YflyNX/ehuJFLhxviNdFxQPkGK5cDcApsge1SqnvM=
github.com/golang/protobuf v1.2.0/go.mod h1:6lQm79b+lXiMfvg/cZm0SGofjICqVBUtrP5yJMmIC1U=
github.com/gorilla/mux v1.7.0 h1:tOSd0UKHQd6urX6ApfOn4XdBMY6Sh1MfxV3kmaazO+U=
github.com/gorilla/mux v1.7.0/go.mod h1:1lud6UwP+6orDFRuTfBEV8e9/aOM/c4fVVCaMa2zaAs=
github.com/mailru/easyjson v0.0.0-20180823135443-60711f1a8329 h1:2gxZ0XQIU/5z3Z3bUBu+FXuk2pFbkN6tcwi/pjyaDic=
github.com/mailru/easyjson v0.0.0-20180823135443-60711f1a8329/go.mod h1:C1wdFJiN94OJF2b5HbByQZoLdCWB1Yqtg26g4irojpc=
github.com/signalfx/com_signalfx_metrics_protobuf v0.0.0-20170330202426-93e507b42f43 h1:JRmIUcy6IKEDUV0SHg7393Fh8DomnKRfz6qDto43hx8=
github.com/signalfx/com_signalfx_metrics_protobuf v0.0.0-20170330202426-93e507b42f43/go.mod h1:muYA2clvwCdj7nzAJ5vJIXYpJsUumhAl4Uu1wUNpWzA=
github.com/signalfx/gohistogram v0.0.0-20160107210732-1ccfd2ff5083 h1:WsShHmu12ZztYPfh9b+I+VjYD1o8iOHhB67WZCMEEE8=
github.com/signalfx/gohistogram v0.0.0-20160107210732-1ccfd2ff5083/go.mod h1:adPDS6s7WaajdFBV9mQ7i0dKfQ8xiDnF9ZNETVPpp7c=
github.com/signalfx/golib v2.2.0+incompatible h1:U6psdkfvtry8Xcf+/O8lW4Hx30fXGW4YjZaKbVKF/1s=
github.com/signalfx/golib v2.2.0+incompatible/go.mod h1:nWYefOwlUKWm/SpN/LgVSBnyH1T9NpT1ANlmgRIi1Cs=
github.com/unrolled/render v0.0.0-20190117215946-449f39850074 h1:Z2Io8Xv8S7HyOpBqaED5yqn2+NNrzWiS8CrTasc1mxQ=
github.com/unrolled/render v0.0.0-20190117215946-449f39850074/go.mod h1:tu82oB5W2ykJRVioYsB+IQKcft7ryBr7w12qMBUPyXg=
github.com/urfave/negroni v1.0.0 h1:kIimOitoypq34K7TG7DUaJ9kq/N4Ofuwi1sjz0KipXc=
github.com/urfave/negroni v1.0.0/go.mod h1:Meg73S6kFm/4PpbYdq35yYWoCZ9mS/YSx+lKnmiohz4=
